// !$*UTF8*$!
{
	archiveVersion = 1;
	classes = {
	};
	objectVersion = 46;
	objects = {

/* Begin PBXBuildFile section */
		BA1E4275187AB3E3001DBBD7 /* Foundation.framework in Frameworks */ = {isa = PBXBuildFile; fileRef = BA1E4274187AB3E3001DBBD7 /* Foundation.framework */; };
		BA1E4277187AB3E3001DBBD7 /* CoreGraphics.framework in Frameworks */ = {isa = PBXBuildFile; fileRef = BA1E4276187AB3E3001DBBD7 /* CoreGraphics.framework */; };
		BA1E4279187AB3E3001DBBD7 /* UIKit.framework in Frameworks */ = {isa = PBXBuildFile; fileRef = BA1E4278187AB3E3001DBBD7 /* UIKit.framework */; };
		BA1E427F187AB3E3001DBBD7 /* InfoPlist.strings in Resources */ = {isa = PBXBuildFile; fileRef = BA1E427D187AB3E3001DBBD7 /* InfoPlist.strings */; };
		BA1E4281187AB3E4001DBBD7 /* main.m in Sources */ = {isa = PBXBuildFile; fileRef = BA1E4280187AB3E3001DBBD7 /* main.m */; };
		BA1E4285187AB3E4001DBBD7 /* AppDelegate.m in Sources */ = {isa = PBXBuildFile; fileRef = BA1E4284187AB3E4001DBBD7 /* AppDelegate.m */; };
		BA1E4287187AB3E4001DBBD7 /* Images.xcassets in Resources */ = {isa = PBXBuildFile; fileRef = BA1E4286187AB3E4001DBBD7 /* Images.xcassets */; };
		BA1E428E187AB3E4001DBBD7 /* XCTest.framework in Frameworks */ = {isa = PBXBuildFile; fileRef = BA1E428D187AB3E4001DBBD7 /* XCTest.framework */; };
		BA1E428F187AB3E4001DBBD7 /* Foundation.framework in Frameworks */ = {isa = PBXBuildFile; fileRef = BA1E4274187AB3E3001DBBD7 /* Foundation.framework */; };
		BA1E4290187AB3E4001DBBD7 /* UIKit.framework in Frameworks */ = {isa = PBXBuildFile; fileRef = BA1E4278187AB3E3001DBBD7 /* UIKit.framework */; };
		BA1E4298187AB3E4001DBBD7 /* InfoPlist.strings in Resources */ = {isa = PBXBuildFile; fileRef = BA1E4296187AB3E4001DBBD7 /* InfoPlist.strings */; };
		BA1E429A187AB3E4001DBBD7 /* NSToolsDemoTests.m in Sources */ = {isa = PBXBuildFile; fileRef = BA1E4299187AB3E4001DBBD7 /* NSToolsDemoTests.m */; };
		BA1E42AE187AC79A001DBBD7 /* NSTools.m in Sources */ = {isa = PBXBuildFile; fileRef = BA1E42A5187AC79A001DBBD7 /* NSTools.m */; };
		BA1E42AF187AC79A001DBBD7 /* PostRequest.m in Sources */ = {isa = PBXBuildFile; fileRef = BA1E42A8187AC79A001DBBD7 /* PostRequest.m */; };
		BA1E42B0187AC79A001DBBD7 /* NTAlertView.m in Sources */ = {isa = PBXBuildFile; fileRef = BA1E42AB187AC79A001DBBD7 /* NTAlertView.m */; };
		BA1E42B1187AC79A001DBBD7 /* NTEditeView.m in Sources */ = {isa = PBXBuildFile; fileRef = BA1E42AD187AC79A001DBBD7 /* NTEditeView.m */; };
		BA1E42B4187AC7B8001DBBD7 /* RootViewController.m in Sources */ = {isa = PBXBuildFile; fileRef = BA1E42B3187AC7B8001DBBD7 /* RootViewController.m */; };
		BA1E42B7187AC9D3001DBBD7 /* RootView.m in Sources */ = {isa = PBXBuildFile; fileRef = BA1E42B6187AC9D3001DBBD7 /* RootView.m */; };
/* End PBXBuildFile section */

/* Begin PBXContainerItemProxy section */
		BA1E4291187AB3E4001DBBD7 /* PBXContainerItemProxy */ = {
			isa = PBXContainerItemProxy;
			containerPortal = BA1E4269187AB3E3001DBBD7 /* Project object */;
			proxyType = 1;
			remoteGlobalIDString = BA1E4270187AB3E3001DBBD7;
			remoteInfo = NSToolsDemo;
		};
/* End PBXContainerItemProxy section */

/* Begin PBXFileReference section */
		BA1E4271187AB3E3001DBBD7 /* NSToolsDemo.app */ = {isa = PBXFileReference; explicitFileType = wrapper.application; includeInIndex = 0; path = NSToolsDemo.app; sourceTree = BUILT_PRODUCTS_DIR; };
		BA1E4274187AB3E3001DBBD7 /* Foundation.framework */ = {isa = PBXFileReference; lastKnownFileType = wrapper.framework; name = Foundation.framework; path = System/Library/Frameworks/Foundation.framework; sourceTree = SDKROOT; };
		BA1E4276187AB3E3001DBBD7 /* CoreGraphics.framework */ = {isa = PBXFileReference; lastKnownFileType = wrapper.framework; name = CoreGraphics.framework; path = System/Library/Frameworks/CoreGraphics.framework; sourceTree = SDKROOT; };
		BA1E4278187AB3E3001DBBD7 /* UIKit.framework */ = {isa = PBXFileReference; lastKnownFileType = wrapper.framework; name = UIKit.framework; path = System/Library/Frameworks/UIKit.framework; sourceTree = SDKROOT; };
		BA1E427C187AB3E3001DBBD7 /* NSToolsDemo-Info.plist */ = {isa = PBXFileReference; lastKnownFileType = text.plist.xml; path = "NSToolsDemo-Info.plist"; sourceTree = "<group>"; };
		BA1E427E187AB3E3001DBBD7 /* en */ = {isa = PBXFileReference; lastKnownFileType = text.plist.strings; name = en; path = en.lproj/InfoPlist.strings; sourceTree = "<group>"; };
		BA1E4280187AB3E3001DBBD7 /* main.m */ = {isa = PBXFileReference; lastKnownFileType = sourcecode.c.objc; path = main.m; sourceTree = "<group>"; };
		BA1E4282187AB3E4001DBBD7 /* NSToolsDemo-Prefix.pch */ = {isa = PBXFileReference; lastKnownFileType = sourcecode.c.h; path = "NSToolsDemo-Prefix.pch"; sourceTree = "<group>"; };
		BA1E4283187AB3E4001DBBD7 /* AppDelegate.h */ = {isa = PBXFileReference; lastKnownFileType = sourcecode.c.h; path = AppDelegate.h; sourceTree = "<group>"; };
		BA1E4284187AB3E4001DBBD7 /* AppDelegate.m */ = {isa = PBXFileReference; lastKnownFileType = sourcecode.c.objc; path = AppDelegate.m; sourceTree = "<group>"; };
		BA1E4286187AB3E4001DBBD7 /* Images.xcassets */ = {isa = PBXFileReference; lastKnownFileType = folder.assetcatalog; path = Images.xcassets; sourceTree = "<group>"; };
		BA1E428C187AB3E4001DBBD7 /* NSToolsDemoTests.xctest */ = {isa = PBXFileReference; explicitFileType = wrapper.cfbundle; includeInIndex = 0; path = NSToolsDemoTests.xctest; sourceTree = BUILT_PRODUCTS_DIR; };
		BA1E428D187AB3E4001DBBD7 /* XCTest.framework */ = {isa = PBXFileReference; lastKnownFileType = wrapper.framework; name = XCTest.framework; path = Library/Frameworks/XCTest.framework; sourceTree = DEVELOPER_DIR; };
		BA1E4295187AB3E4001DBBD7 /* NSToolsDemoTests-Info.plist */ = {isa = PBXFileReference; lastKnownFileType = text.plist.xml; path = "NSToolsDemoTests-Info.plist"; sourceTree = "<group>"; };
		BA1E4297187AB3E4001DBBD7 /* en */ = {isa = PBXFileReference; lastKnownFileType = text.plist.strings; name = en; path = en.lproj/InfoPlist.strings; sourceTree = "<group>"; };
		BA1E4299187AB3E4001DBBD7 /* NSToolsDemoTests.m */ = {isa = PBXFileReference; lastKnownFileType = sourcecode.c.objc; path = NSToolsDemoTests.m; sourceTree = "<group>"; };
		BA1E42A4187AC79A001DBBD7 /* NSTools.h */ = {isa = PBXFileReference; fileEncoding = 4; lastKnownFileType = sourcecode.c.h; path = NSTools.h; sourceTree = "<group>"; };
		BA1E42A5187AC79A001DBBD7 /* NSTools.m */ = {isa = PBXFileReference; fileEncoding = 4; lastKnownFileType = sourcecode.c.objc; path = NSTools.m; sourceTree = "<group>"; };
		BA1E42A7187AC79A001DBBD7 /* PostRequest.h */ = {isa = PBXFileReference; fileEncoding = 4; lastKnownFileType = sourcecode.c.h; path = PostRequest.h; sourceTree = "<group>"; };
		BA1E42A8187AC79A001DBBD7 /* PostRequest.m */ = {isa = PBXFileReference; fileEncoding = 4; lastKnownFileType = sourcecode.c.objc; path = PostRequest.m; sourceTree = "<group>"; };
		BA1E42AA187AC79A001DBBD7 /* NTAlertView.h */ = {isa = PBXFileReference; fileEncoding = 4; lastKnownFileType = sourcecode.c.h; path = NTAlertView.h; sourceTree = "<group>"; };
		BA1E42AB187AC79A001DBBD7 /* NTAlertView.m */ = {isa = PBXFileReference; fileEncoding = 4; lastKnownFileType = sourcecode.c.objc; path = NTAlertView.m; sourceTree = "<group>"; };
		BA1E42AC187AC79A001DBBD7 /* NTEditeView.h */ = {isa = PBXFileReference; fileEncoding = 4; lastKnownFileType = sourcecode.c.h; path = NTEditeView.h; sourceTree = "<group>"; };
		BA1E42AD187AC79A001DBBD7 /* NTEditeView.m */ = {isa = PBXFileReference; fileEncoding = 4; lastKnownFileType = sourcecode.c.objc; path = NTEditeView.m; sourceTree = "<group>"; };
		BA1E42B2187AC7B8001DBBD7 /* RootViewController.h */ = {isa = PBXFileReference; fileEncoding = 4; lastKnownFileType = sourcecode.c.h; path = RootViewController.h; sourceTree = "<group>"; };
		BA1E42B3187AC7B8001DBBD7 /* RootViewController.m */ = {isa = PBXFileReference; fileEncoding = 4; lastKnownFileType = sourcecode.c.objc; path = RootViewController.m; sourceTree = "<group>"; };
		BA1E42B5187AC9D3001DBBD7 /* RootView.h */ = {isa = PBXFileReference; fileEncoding = 4; lastKnownFileType = sourcecode.c.h; path = RootView.h; sourceTree = "<group>"; };
		BA1E42B6187AC9D3001DBBD7 /* RootView.m */ = {isa = PBXFileReference; fileEncoding = 4; lastKnownFileType = sourcecode.c.objc; path = RootView.m; sourceTree = "<group>"; };
/* End PBXFileReference section */

/* Begin PBXFrameworksBuildPhase section */
		BA1E426E187AB3E3001DBBD7 /* Frameworks */ = {
			isa = PBXFrameworksBuildPhase;
			buildActionMask = 2147483647;
			files = (
				BA1E4277187AB3E3001DBBD7 /* CoreGraphics.framework in Frameworks */,
				BA1E4279187AB3E3001DBBD7 /* UIKit.framework in Frameworks */,
				BA1E4275187AB3E3001DBBD7 /* Foundation.framework in Frameworks */,
			);
			runOnlyForDeploymentPostprocessing = 0;
		};
		BA1E4289187AB3E4001DBBD7 /* Frameworks */ = {
			isa = PBXFrameworksBuildPhase;
			buildActionMask = 2147483647;
			files = (
				BA1E428E187AB3E4001DBBD7 /* XCTest.framework in Frameworks */,
				BA1E4290187AB3E4001DBBD7 /* UIKit.framework in Frameworks */,
				BA1E428F187AB3E4001DBBD7 /* Foundation.framework in Frameworks */,
			);
			runOnlyForDeploymentPostprocessing = 0;
		};
/* End PBXFrameworksBuildPhase section */

/* Begin PBXGroup section */
		BA1E4268187AB3E3001DBBD7 = {
			isa = PBXGroup;
			children = (
				BA1E427A187AB3E3001DBBD7 /* NSToolsDemo */,
				BA1E42A3187AC79A001DBBD7 /* NSToolsSDK */,
				BA1E4293187AB3E4001DBBD7 /* NSToolsDemoTests */,
				BA1E4273187AB3E3001DBBD7 /* Frameworks */,
				BA1E4272187AB3E3001DBBD7 /* Products */,
			);
			sourceTree = "<group>";
		};
		BA1E4272187AB3E3001DBBD7 /* Products */ = {
			isa = PBXGroup;
			children = (
				BA1E4271187AB3E3001DBBD7 /* NSToolsDemo.app */,
				BA1E428C187AB3E4001DBBD7 /* NSToolsDemoTests.xctest */,
			);
			name = Products;
			sourceTree = "<group>";
		};
		BA1E4273187AB3E3001DBBD7 /* Frameworks */ = {
			isa = PBXGroup;
			children = (
				BA1E4274187AB3E3001DBBD7 /* Foundation.framework */,
				BA1E4276187AB3E3001DBBD7 /* CoreGraphics.framework */,
				BA1E4278187AB3E3001DBBD7 /* UIKit.framework */,
				BA1E428D187AB3E4001DBBD7 /* XCTest.framework */,
			);
			name = Frameworks;
			sourceTree = "<group>";
		};
		BA1E427A187AB3E3001DBBD7 /* NSToolsDemo */ = {
			isa = PBXGroup;
			children = (
				BA1E4283187AB3E4001DBBD7 /* AppDelegate.h */,
				BA1E4284187AB3E4001DBBD7 /* AppDelegate.m */,
				BA1E42B2187AC7B8001DBBD7 /* RootViewController.h */,
				BA1E42B3187AC7B8001DBBD7 /* RootViewController.m */,
				BA1E42B5187AC9D3001DBBD7 /* RootView.h */,
				BA1E42B6187AC9D3001DBBD7 /* RootView.m */,
				BA1E4286187AB3E4001DBBD7 /* Images.xcassets */,
				BA1E427B187AB3E3001DBBD7 /* Supporting Files */,
			);
			path = NSToolsDemo;
			sourceTree = "<group>";
		};
		BA1E427B187AB3E3001DBBD7 /* Supporting Files */ = {
			isa = PBXGroup;
			children = (
				BA1E427C187AB3E3001DBBD7 /* NSToolsDemo-Info.plist */,
				BA1E427D187AB3E3001DBBD7 /* InfoPlist.strings */,
				BA1E4280187AB3E3001DBBD7 /* main.m */,
				BA1E4282187AB3E4001DBBD7 /* NSToolsDemo-Prefix.pch */,
			);
			name = "Supporting Files";
			sourceTree = "<group>";
		};
		BA1E4293187AB3E4001DBBD7 /* NSToolsDemoTests */ = {
			isa = PBXGroup;
			children = (
				BA1E4299187AB3E4001DBBD7 /* NSToolsDemoTests.m */,
				BA1E4294187AB3E4001DBBD7 /* Supporting Files */,
			);
			path = NSToolsDemoTests;
			sourceTree = "<group>";
		};
		BA1E4294187AB3E4001DBBD7 /* Supporting Files */ = {
			isa = PBXGroup;
			children = (
				BA1E4295187AB3E4001DBBD7 /* NSToolsDemoTests-Info.plist */,
				BA1E4296187AB3E4001DBBD7 /* InfoPlist.strings */,
			);
			name = "Supporting Files";
			sourceTree = "<group>";
		};
		BA1E42A3187AC79A001DBBD7 /* NSToolsSDK */ = {
			isa = PBXGroup;
			children = (
				BA1E42A4187AC79A001DBBD7 /* NSTools.h */,
				BA1E42A5187AC79A001DBBD7 /* NSTools.m */,
				BA1E42A6187AC79A001DBBD7 /* URLTools */,
				BA1E42A9187AC79A001DBBD7 /* WidgetTools */,
			);
			path = NSToolsSDK;
			sourceTree = "<group>";
		};
		BA1E42A6187AC79A001DBBD7 /* URLTools */ = {
			isa = PBXGroup;
			children = (
				BA1E42A7187AC79A001DBBD7 /* PostRequest.h */,
				BA1E42A8187AC79A001DBBD7 /* PostRequest.m */,
			);
			path = URLTools;
			sourceTree = "<group>";
		};
		BA1E42A9187AC79A001DBBD7 /* WidgetTools */ = {
			isa = PBXGroup;
			children = (
				BA1E42AA187AC79A001DBBD7 /* NTAlertView.h */,
				BA1E42AB187AC79A001DBBD7 /* NTAlertView.m */,
				BA1E42AC187AC79A001DBBD7 /* NTEditeView.h */,
				BA1E42AD187AC79A001DBBD7 /* NTEditeView.m */,
			);
			path = WidgetTools;
			sourceTree = "<group>";
		};
/* End PBXGroup section */

/* Begin PBXNativeTarget section */
		BA1E4270187AB3E3001DBBD7 /* NSToolsDemo */ = {
			isa = PBXNativeTarget;
			buildConfigurationList = BA1E429D187AB3E4001DBBD7 /* Build configuration list for PBXNativeTarget "NSToolsDemo" */;
			buildPhases = (
				BA1E426D187AB3E3001DBBD7 /* Sources */,
				BA1E426E187AB3E3001DBBD7 /* Frameworks */,
				BA1E426F187AB3E3001DBBD7 /* Resources */,
			);
			buildRules = (
			);
			dependencies = (
			);
			name = NSToolsDemo;
			productName = NSToolsDemo;
			productReference = BA1E4271187AB3E3001DBBD7 /* NSToolsDemo.app */;
			productType = "com.apple.product-type.application";
		};
		BA1E428B187AB3E4001DBBD7 /* NSToolsDemoTests */ = {
			isa = PBXNativeTarget;
			buildConfigurationList = BA1E42A0187AB3E4001DBBD7 /* Build configuration list for PBXNativeTarget "NSToolsDemoTests" */;
			buildPhases = (
				BA1E4288187AB3E4001DBBD7 /* Sources */,
				BA1E4289187AB3E4001DBBD7 /* Frameworks */,
				BA1E428A187AB3E4001DBBD7 /* Resources */,
			);
			buildRules = (
			);
			dependencies = (
				BA1E4292187AB3E4001DBBD7 /* PBXTargetDependency */,
			);
			name = NSToolsDemoTests;
			productName = NSToolsDemoTests;
			productReference = BA1E428C187AB3E4001DBBD7 /* NSToolsDemoTests.xctest */;
			productType = "com.apple.product-type.bundle.unit-test";
		};
/* End PBXNativeTarget section */

/* Begin PBXProject section */
		BA1E4269187AB3E3001DBBD7 /* Project object */ = {
			isa = PBXProject;
			attributes = {
				LastUpgradeCheck = 0500;
				ORGANIZATIONNAME = Nemo;
				TargetAttributes = {
					BA1E428B187AB3E4001DBBD7 = {
						TestTargetID = BA1E4270187AB3E3001DBBD7;
					};
				};
			};
			buildConfigurationList = BA1E426C187AB3E3001DBBD7 /* Build configuration list for PBXProject "NSToolsDemo" */;
			compatibilityVersion = "Xcode 3.2";
			developmentRegion = English;
			hasScannedForEncodings = 0;
			knownRegions = (
				en,
			);
			mainGroup = BA1E4268187AB3E3001DBBD7;
			productRefGroup = BA1E4272187AB3E3001DBBD7 /* Products */;
			projectDirPath = "";
			projectRoot = "";
			targets = (
				BA1E4270187AB3E3001DBBD7 /* NSToolsDemo */,
				BA1E428B187AB3E4001DBBD7 /* NSToolsDemoTests */,
			);
		};
/* End PBXProject section */

/* Begin PBXResourcesBuildPhase section */
		BA1E426F187AB3E3001DBBD7 /* Resources */ = {
			isa = PBXResourcesBuildPhase;
			buildActionMask = 2147483647;
			files = (
				BA1E427F187AB3E3001DBBD7 /* InfoPlist.strings in Resources */,
				BA1E4287187AB3E4001DBBD7 /* Images.xcassets in Resources */,
			);
			runOnlyForDeploymentPostprocessing = 0;
		};
		BA1E428A187AB3E4001DBBD7 /* Resources */ = {
			isa = PBXResourcesBuildPhase;
			buildActionMask = 2147483647;
			files = (
				BA1E4298187AB3E4001DBBD7 /* InfoPlist.strings in Resources */,
			);
			runOnlyForDeploymentPostprocessing = 0;
		};
/* End PBXResourcesBuildPhase section */

/* Begin PBXSourcesBuildPhase section */
		BA1E426D187AB3E3001DBBD7 /* Sources */ = {
			isa = PBXSourcesBuildPhase;
			buildActionMask = 2147483647;
			files = (
				BA1E4285187AB3E4001DBBD7 /* AppDelegate.m in Sources */,
				BA1E42B4187AC7B8001DBBD7 /* RootViewController.m in Sources */,
				BA1E4281187AB3E4001DBBD7 /* main.m in Sources */,
				BA1E42B0187AC79A001DBBD7 /* NTAlertView.m in Sources */,
				BA1E42B7187AC9D3001DBBD7 /* RootView.m in Sources */,
				BA1E42AE187AC79A001DBBD7 /* NSTools.m in Sources */,
				BA1E42B1187AC79A001DBBD7 /* NTEditeView.m in Sources */,
				BA1E42AF187AC79A001DBBD7 /* PostRequest.m in Sources */,
			);
			runOnlyForDeploymentPostprocessing = 0;
		};
		BA1E4288187AB3E4001DBBD7 /* Sources */ = {
			isa = PBXSourcesBuildPhase;
			buildActionMask = 2147483647;
			files = (
				BA1E429A187AB3E4001DBBD7 /* NSToolsDemoTests.m in Sources */,
			);
			runOnlyForDeploymentPostprocessing = 0;
		};
/* End PBXSourcesBuildPhase section */

/* Begin PBXTargetDependency section */
		BA1E4292187AB3E4001DBBD7 /* PBXTargetDependency */ = {
			isa = PBXTargetDependency;
			target = BA1E4270187AB3E3001DBBD7 /* NSToolsDemo */;
			targetProxy = BA1E4291187AB3E4001DBBD7 /* PBXContainerItemProxy */;
		};
/* End PBXTargetDependency section */

/* Begin PBXVariantGroup section */
		BA1E427D187AB3E3001DBBD7 /* InfoPlist.strings */ = {
			isa = PBXVariantGroup;
			children = (
				BA1E427E187AB3E3001DBBD7 /* en */,
			);
			name = InfoPlist.strings;
			sourceTree = "<group>";
		};
		BA1E4296187AB3E4001DBBD7 /* InfoPlist.strings */ = {
			isa = PBXVariantGroup;
			children = (
				BA1E4297187AB3E4001DBBD7 /* en */,
			);
			name = InfoPlist.strings;
			sourceTree = "<group>";
		};
/* End PBXVariantGroup section */

/* Begin XCBuildConfiguration section */
		BA1E429B187AB3E4001DBBD7 /* Debug */ = {
			isa = XCBuildConfiguration;
			buildSettings = {
				ALWAYS_SEARCH_USER_PATHS = NO;
				ARCHS = "$(ARCHS_STANDARD_INCLUDING_64_BIT)";
				CLANG_CXX_LANGUAGE_STANDARD = "gnu++0x";
				CLANG_CXX_LIBRARY = "libc++";
				CLANG_ENABLE_MODULES = YES;
				CLANG_ENABLE_OBJC_ARC = YES;
				CLANG_WARN_BOOL_CONVERSION = YES;
				CLANG_WARN_CONSTANT_CONVERSION = YES;
				CLANG_WARN_DIRECT_OBJC_ISA_USAGE = YES_ERROR;
				CLANG_WARN_EMPTY_BODY = YES;
				CLANG_WARN_ENUM_CONVERSION = YES;
				CLANG_WARN_INT_CONVERSION = YES;
				CLANG_WARN_OBJC_ROOT_CLASS = YES_ERROR;
				CLANG_WARN__DUPLICATE_METHOD_MATCH = YES;
				"CODE_SIGN_IDENTITY[sdk=iphoneos*]" = "iPhone Developer";
				COPY_PHASE_STRIP = NO;
				GCC_C_LANGUAGE_STANDARD = gnu99;
				GCC_DYNAMIC_NO_PIC = NO;
				GCC_OPTIMIZATION_LEVEL = 0;
				GCC_PREPROCESSOR_DEFINITIONS = (
					"DEBUG=1",
					"$(inherited)",
				);
				GCC_SYMBOLS_PRIVATE_EXTERN = NO;
				GCC_WARN_64_TO_32_BIT_CONVERSION = YES;
				GCC_WARN_ABOUT_RETURN_TYPE = YES_ERROR;
				GCC_WARN_UNDECLARED_SELECTOR = YES;
				GCC_WARN_UNINITIALIZED_AUTOS = YES;
				GCC_WARN_UNUSED_FUNCTION = YES;
				GCC_WARN_UNUSED_VARIABLE = YES;
				IPHONEOS_DEPLOYMENT_TARGET = 7.0;
				ONLY_ACTIVE_ARCH = YES;
				SDKROOT = iphoneos;
				TARGETED_DEVICE_FAMILY = 2;
			};
			name = Debug;
		};
		BA1E429C187AB3E4001DBBD7 /* Release */ = {
			isa = XCBuildConfiguration;
			buildSettings = {
				ALWAYS_SEARCH_USER_PATHS = NO;
				ARCHS = "$(ARCHS_STANDARD_INCLUDING_64_BIT)";
				CLANG_CXX_LANGUAGE_STANDARD = "gnu++0x";
				CLANG_CXX_LIBRARY = "libc++";
				CLANG_ENABLE_MODULES = YES;
				CLANG_ENABLE_OBJC_ARC = YES;
				CLANG_WARN_BOOL_CONVERSION = YES;
				CLANG_WARN_CONSTANT_CONVERSION = YES;
				CLANG_WARN_DIRECT_OBJC_ISA_USAGE = YES_ERROR;
				CLANG_WARN_EMPTY_BODY = YES;
				CLANG_WARN_ENUM_CONVERSION = YES;
				CLANG_WARN_INT_CONVERSION = YES;
				CLANG_WARN_OBJC_ROOT_CLASS = YES_ERROR;
				CLANG_WARN__DUPLICATE_METHOD_MATCH = YES;
				"CODE_SIGN_IDENTITY[sdk=iphoneos*]" = "iPhone Developer";
				COPY_PHASE_STRIP = YES;
				ENABLE_NS_ASSERTIONS = NO;
				GCC_C_LANGUAGE_STANDARD = gnu99;
				GCC_WARN_64_TO_32_BIT_CONVERSION = YES;
				GCC_WARN_ABOUT_RETURN_TYPE = YES_ERROR;
				GCC_WARN_UNDECLARED_SELECTOR = YES;
				GCC_WARN_UNINITIALIZED_AUTOS = YES;
				GCC_WARN_UNUSED_FUNCTION = YES;
				GCC_WARN_UNUSED_VARIABLE = YES;
				IPHONEOS_DEPLOYMENT_TARGET = 7.0;
				SDKROOT = iphoneos;
				TARGETED_DEVICE_FAMILY = 2;
				VALIDATE_PRODUCT = YES;
			};
			name = Release;
		};
		BA1E429E187AB3E4001DBBD7 /* Debug */ = {
			isa = XCBuildConfiguration;
			buildSettings = {
				ASSETCATALOG_COMPILER_APPICON_NAME = AppIcon;
				ASSETCATALOG_COMPILER_LAUNCHIMAGE_NAME = LaunchImage;
				GCC_PRECOMPILE_PREFIX_HEADER = YES;
				GCC_PREFIX_HEADER = "NSToolsDemo/NSToolsDemo-Prefix.pch";
				INFOPLIST_FILE = "NSToolsDemo/NSToolsDemo-Info.plist";
				PRODUCT_NAME = "$(TARGET_NAME)";
				WRAPPER_EXTENSION = app;
			};
			name = Debug;
		};
		BA1E429F187AB3E4001DBBD7 /* Release */ = {
			isa = XCBuildConfiguration;
			buildSettings = {
				ASSETCATALOG_COMPILER_APPICON_NAME = AppIcon;
				ASSETCATALOG_COMPILER_LAUNCHIMAGE_NAME = LaunchImage;
				GCC_PRECOMPILE_PREFIX_HEADER = YES;
				GCC_PREFIX_HEADER = "NSToolsDemo/NSToolsDemo-Prefix.pch";
				INFOPLIST_FILE = "NSToolsDemo/NSToolsDemo-Info.plist";
				PRODUCT_NAME = "$(TARGET_NAME)";
				WRAPPER_EXTENSION = app;
			};
			name = Release;
		};
		BA1E42A1187AB3E4001DBBD7 /* Debug */ = {
			isa = XCBuildConfiguration;
			buildSettings = {
				ARCHS = "$(ARCHS_STANDARD_INCLUDING_64_BIT)";
				BUNDLE_LOADER = "$(BUILT_PRODUCTS_DIR)/NSToolsDemo.app/NSToolsDemo";
				FRAMEWORK_SEARCH_PATHS = (
					"$(SDKROOT)/Developer/Library/Frameworks",
					"$(inherited)",
					"$(DEVELOPER_FRAMEWORKS_DIR)",
				);
				GCC_PRECOMPILE_PREFIX_HEADER = YES;
				GCC_PREFIX_HEADER = "NSToolsDemo/NSToolsDemo-Prefix.pch";
				GCC_PREPROCESSOR_DEFINITIONS = (
					"DEBUG=1",
					"$(inherited)",
				);
				INFOPLIST_FILE = "NSToolsDemoTests/NSToolsDemoTests-Info.plist";
				PRODUCT_NAME = "$(TARGET_NAME)";
				TEST_HOST = "$(BUNDLE_LOADER)";
				WRAPPER_EXTENSION = xctest;
			};
			name = Debug;
		};
		BA1E42A2187AB3E4001DBBD7 /* Release */ = {
			isa = XCBuildConfiguration;
			buildSettings = {
				ARCHS = "$(ARCHS_STANDARD_INCLUDING_64_BIT)";
				BUNDLE_LOADER = "$(BUILT_PRODUCTS_DIR)/NSToolsDemo.app/NSToolsDemo";
				FRAMEWORK_SEARCH_PATHS = (
					"$(SDKROOT)/Developer/Library/Frameworks",
					"$(inherited)",
					"$(DEVELOPER_FRAMEWORKS_DIR)",
				);
				GCC_PRECOMPILE_PREFIX_HEADER = YES;
				GCC_PREFIX_HEADER = "NSToolsDemo/NSToolsDemo-Prefix.pch";
				INFOPLIST_FILE = "NSToolsDemoTests/NSToolsDemoTests-Info.plist";
				PRODUCT_NAME = "$(TARGET_NAME)";
				TEST_HOST = "$(BUNDLE_LOADER)";
				WRAPPER_EXTENSION = xctest;
			};
			name = Release;
		};
/* End XCBuildConfiguration section */

/* Begin XCConfigurationList section */
		BA1E426C187AB3E3001DBBD7 /* Build configuration list for PBXProject "NSToolsDemo" */ = {
			isa = XCConfigurationList;
			buildConfigurations = (
				BA1E429B187AB3E4001DBBD7 /* Debug */,
				BA1E429C187AB3E4001DBBD7 /* Release */,
			);
			defaultConfigurationIsVisible = 0;
			defaultConfigurationName = Release;
		};
		BA1E429D187AB3E4001DBBD7 /* Build configuration list for PBXNativeTarget "NSToolsDemo" */ = {
			isa = XCConfigurationList;
			buildConfigurations = (
				BA1E429E187AB3E4001DBBD7 /* Debug */,
				BA1E429F187AB3E4001DBBD7 /* Release */,
			);
			defaultConfigurationIsVisible = 0;
			defaultConfigurationName = Release;
		};
		BA1E42A0187AB3E4001DBBD7 /* Build configuration list for PBXNativeTarget "NSToolsDemoTests" */ = {
			isa = XCConfigurationList;
			buildConfigurations = (
				BA1E42A1187AB3E4001DBBD7 /* Debug */,
				BA1E42A2187AB3E4001DBBD7 /* Release */,
			);
			defaultConfigurationIsVisible = 0;
			defaultConfigurationName = Release;
		};
/* End XCConfigurationList section */
	};
	rootObject = BA1E4269187AB3E3001DBBD7 /* Project object */;
}
